
Microsoft Visual Studio Solution File, Format Version 12.00
# Visual Studio Version 17
VisualStudioVersion = 17.5.33502.453
MinimumVisualStudioVersion = 10.0.40219.1
Project("{2150E333-8FDC-42A3-9474-1A3956D46DE8}") = "Internal", "Internal", "{FEF9DDA9-EA91-49A7-A8C6-830BBD226703}"
	ProjectSection(SolutionItems) = preProject
		Internal\.editorconfig = Internal\.editorconfig
	EndProjectSection
EndProject
Project("{2150E333-8FDC-42A3-9474-1A3956D46DE8}") = "Scripts", "Scripts", "{CF55EE3C-32AB-4A49-AA15-74C0E0CE1719}"
EndProject
Project("{2150E333-8FDC-42A3-9474-1A3956D46DE8}") = "Dlls", "Dlls", "{682CDC1B-B280-45E8-A602-69016550B237}"
	ProjectSection(SolutionItems) = preProject
		Dlls\ABOUT.md = Dlls\ABOUT.md
	EndProjectSection
EndProject
Project("{2150E333-8FDC-42A3-9474-1A3956D46DE8}") = "CompanionFiles", "CompanionFiles", "{544A7970-D50E-4591-82FF-864F49BFCC8C}"
EndProject
Project("{2150E333-8FDC-42A3-9474-1A3956D46DE8}") = "Skyline DataMiner", "Skyline DataMiner", "{CA5FDB9F-88EC-4369-B165-1C99D925BC6A}"
	ProjectSection(SolutionItems) = preProject
		CompanionFiles\Skyline DataMiner\AboutThisFolder.md = CompanionFiles\Skyline DataMiner\AboutThisFolder.md
	EndProjectSection
EndProject
Project("{2150E333-8FDC-42A3-9474-1A3956D46DE8}") = "Documentation", "Documentation", "{E4AD4782-B190-45A4-B6C4-06F43DF8C9E3}"
	ProjectSection(SolutionItems) = preProject
		Documentation\ABOUT.md = Documentation\ABOUT.md
		README.md = README.md
	EndProjectSection
EndProject
Project("{2150E333-8FDC-42A3-9474-1A3956D46DE8}") = "Tests", "Tests", "{F8938D60-51A0-4880-9CFC-19C66379BB5D}"
EndProject
Project("{2150E333-8FDC-42A3-9474-1A3956D46DE8}") = "Code Analysis", "Code Analysis", "{5DFBBF62-D581-4516-B21B-EF10520FFBA3}"
	ProjectSection(SolutionItems) = preProject
		Internal\Code Analysis\qaction-debug.ruleset = Internal\Code Analysis\qaction-debug.ruleset
		Internal\Code Analysis\qaction-release.ruleset = Internal\Code Analysis\qaction-release.ruleset
		Internal\Code Analysis\stylecop.json = Internal\Code Analysis\stylecop.json
	EndProjectSection
EndProject
Project("{D954291E-2A0B-460D-934E-DC6B0785DB48}") = "SharedProject", "SharedProject\SharedProject.shproj", "{90038565-CAC7-4CFD-BFF3-C1DC780E249F}"
EndProject
Project("{2150E333-8FDC-42A3-9474-1A3956D46DE8}") = "Get Multisection", "Get Multisection", "{E2B8E012-0F99-4CE2-8FC4-865CA5EBFE04}"
	ProjectSection(SolutionItems) = preProject
		Get Multisection.xml = Get Multisection.xml
	EndProjectSection
EndProject
Project("{2150E333-8FDC-42A3-9474-1A3956D46DE8}") = "Actions", "Actions", "{6E167FCA-C5EA-427B-8CCE-95497B63D3C3}"
EndProject
Project("{9A19103F-16F7-4668-BE54-9A1E7A4F7556}") = "Get Multisection_1", "Get Multisection_1\Get Multisection_1.csproj", "{1DB93BBC-4534-4A2A-A88A-976DA45F6EF9}"
EndProject
Project("{2150E333-8FDC-42A3-9474-1A3956D46DE8}") = "Get Service Order Items Multisection", "Get Service Order Items Multisection", "{33626F44-C5B3-40F8-B1D4-C4B0E8300F23}"
	ProjectSection(SolutionItems) = preProject
		Get Service Order Items Multisection.xml = Get Service Order Items Multisection.xml
	EndProjectSection
EndProject
Project("{2150E333-8FDC-42A3-9474-1A3956D46DE8}") = "Actions", "Actions", "{2B13BCB1-4369-4658-902B-340DA1303422}"
EndProject
Project("{9A19103F-16F7-4668-BE54-9A1E7A4F7556}") = "Get Service Order Items Multisection_1", "Get Service Order Items Multisection_1\Get Service Order Items Multisection_1.csproj", "{7C2C0C2B-160E-4076-B4A1-CEC129D9E74E}"
EndProject
Project("{2150E333-8FDC-42A3-9474-1A3956D46DE8}") = "Add Property Values to Service Order Item", "Add Property Values to Service Order Item", "{8946228A-7C4B-4554-BB73-D6049D048BB1}"
	ProjectSection(SolutionItems) = preProject
		Add Property Values to Service Order Item.xml = Add Property Values to Service Order Item.xml
	EndProjectSection
EndProject
Project("{2150E333-8FDC-42A3-9474-1A3956D46DE8}") = "Actions", "Actions", "{0E797233-B6AC-48A2-BEB0-5AA7B68397CB}"
EndProject
Project("{9A19103F-16F7-4668-BE54-9A1E7A4F7556}") = "Add Property Values to Service Order Item_1", "Add Property Values to Service Order Item_1\Add Property Values to Service Order Item_1.csproj", "{967EFA36-3EF5-4B42-A63E-9E4B50BE8297}"
EndProject
Project("{2150E333-8FDC-42A3-9474-1A3956D46DE8}") = "SLC_SM_Create Service Inventory Item", "SLC_SM_Create Service Inventory Item", "{617D541C-CAD4-4789-A3D0-7C8D8171F082}"
	ProjectSection(SolutionItems) = preProject
		SLC_SM_Create Service Inventory Item.xml = SLC_SM_Create Service Inventory Item.xml
	EndProjectSection
EndProject
Project("{2150E333-8FDC-42A3-9474-1A3956D46DE8}") = "Actions", "Actions", "{785AA0DE-6337-4DBA-BB19-87A979DA5742}"
EndProject
Project("{2150E333-8FDC-42A3-9474-1A3956D46DE8}") = "Data Sources", "Data Sources", "{7CBCC20E-E255-4C5D-B388-08A8ED9266F4}"
EndProject
Project("{2150E333-8FDC-42A3-9474-1A3956D46DE8}") = "Actions", "Actions", "{58D44688-DF14-4EDC-90DB-2B1A6FF4E21D}"
EndProject
Project("{2150E333-8FDC-42A3-9474-1A3956D46DE8}") = "Service Ordering Portal", "Service Ordering Portal", "{BE83E7A7-57A2-4D1E-8B12-D33553E4BB31}"
EndProject
Project("{2150E333-8FDC-42A3-9474-1A3956D46DE8}") = "Service Inventory", "Service Inventory", "{D1394C3B-B48C-4E36-ADCB-E5234ED51EB8}"
EndProject
Project("{2150E333-8FDC-42A3-9474-1A3956D46DE8}") = "Launch Interactive Subscript", "Launch Interactive Subscript", "{414C4A14-8CE2-4CF8-9775-4A629744E8D0}"
	ProjectSection(SolutionItems) = preProject
		Launch Interactive Subscript.xml = Launch Interactive Subscript.xml
	EndProjectSection
EndProject
Project("{2150E333-8FDC-42A3-9474-1A3956D46DE8}") = "Actions", "Actions", "{ECF401B2-B477-4A08-B25C-24EDF20A25E6}"
EndProject
Project("{9A19103F-16F7-4668-BE54-9A1E7A4F7556}") = "Launch Interactive Subscript_1", "Launch Interactive Subscript_1\Launch Interactive Subscript_1.csproj", "{D97731D9-FEE9-4246-86EC-2C49745905EE}"
EndProject
Project("{2150E333-8FDC-42A3-9474-1A3956D46DE8}") = "Get Service Configuration", "Get Service Configuration", "{62D42AD6-A5FB-4DDE-86EB-CF46E78A8A77}"
	ProjectSection(SolutionItems) = preProject
		Get Service Configuration.xml = Get Service Configuration.xml
	EndProjectSection
EndProject
Project("{2150E333-8FDC-42A3-9474-1A3956D46DE8}") = "Actions", "Actions", "{C0FD3127-7718-480F-BB2F-C2A5D623C549}"
EndProject
Project("{9A19103F-16F7-4668-BE54-9A1E7A4F7556}") = "Get Service Configuration_1", "Get Service Configuration_1\Get Service Configuration_1.csproj", "{43502512-CBF0-49C0-B688-AF223CC707FD}"
EndProject
Project("{2150E333-8FDC-42A3-9474-1A3956D46DE8}") = "Service Parameters", "Service Parameters", "{4CD6A204-E4C7-4C4D-97A7-717B2AD78AAF}"
EndProject
Project("{2150E333-8FDC-42A3-9474-1A3956D46DE8}") = "Add Service Parameter", "Add Service Parameter", "{AD9C35EA-85F7-471F-AB1D-5FBB0EC9BD0E}"
	ProjectSection(SolutionItems) = preProject
		Add Service Parameter.xml = Add Service Parameter.xml
	EndProjectSection
EndProject
Project("{2150E333-8FDC-42A3-9474-1A3956D46DE8}") = "Actions", "Actions", "{080AA1D5-90E4-425B-90DB-673B4EC8F443}"
EndProject
Project("{9A19103F-16F7-4668-BE54-9A1E7A4F7556}") = "Add Service Parameter_1", "Add Service Parameter_1\Add Service Parameter_1.csproj", "{4F9C7BCD-9535-46CF-9AC9-55DD862BD44E}"
EndProject
Project("{2150E333-8FDC-42A3-9474-1A3956D46DE8}") = "Get Service Properties", "Get Service Properties", "{AFA18117-CC70-4993-91F2-BE346CA71018}"
	ProjectSection(SolutionItems) = preProject
		Get Service Properties.xml = Get Service Properties.xml
	EndProjectSection
EndProject
Project("{2150E333-8FDC-42A3-9474-1A3956D46DE8}") = "Actions", "Actions", "{0A736113-5343-4EF4-A2C0-512DC1EC4981}"
EndProject
Project("{9A19103F-16F7-4668-BE54-9A1E7A4F7556}") = "Get Service Properties_1", "Get Service Properties_1\Get Service Properties_1.csproj", "{F76A1B9B-928A-46E0-91AB-061C9CC9898B}"
EndProject
Project("{2150E333-8FDC-42A3-9474-1A3956D46DE8}") = "SLC_SM_IAS_Add Service Item", "SLC_SM_IAS_Add Service Item", "{A22C3CBC-6331-4200-B80D-2976C36C9487}"
	ProjectSection(SolutionItems) = preProject
		SLC_SM_IAS_Add Service Item.xml = SLC_SM_IAS_Add Service Item.xml
	EndProjectSection
EndProject
Project("{2150E333-8FDC-42A3-9474-1A3956D46DE8}") = "Actions", "Actions", "{91E39BD1-981D-4B2D-87B2-A1B63CD9C731}"
EndProject
Project("{9A19103F-16F7-4668-BE54-9A1E7A4F7556}") = "SLC_SM_IAS_Add Service Item_1", "SLC_SM_IAS_Add Service Item_1\SLC_SM_IAS_Add Service Item_1.csproj", "{54F51C6C-044F-4E97-BBB9-CD7DE087B2E5}"
EndProject
Project("{2150E333-8FDC-42A3-9474-1A3956D46DE8}") = "SLC_SM_Delete Service Item", "SLC_SM_Delete Service Item", "{FFC98C56-67CC-482E-AD19-6D749BCB6B10}"
	ProjectSection(SolutionItems) = preProject
		SLC_SM_Delete Service Item.xml = SLC_SM_Delete Service Item.xml
	EndProjectSection
EndProject
Project("{2150E333-8FDC-42A3-9474-1A3956D46DE8}") = "Actions", "Actions", "{358A0A6E-43AF-4F21-910D-7AE396555E6B}"
EndProject
Project("{9A19103F-16F7-4668-BE54-9A1E7A4F7556}") = "SLC_SM_Delete Service Item_1", "SLC_SM_Delete Service Item_1\SLC_SM_Delete Service Item_1.csproj", "{D7BD1FD0-BF5C-47DD-94A9-312423A2FA6D}"
EndProject
Project("{2150E333-8FDC-42A3-9474-1A3956D46DE8}") = "SLC_SM_IAS_Add Service Property", "SLC_SM_IAS_Add Service Property", "{4901E86D-67AC-46E7-84AF-9200FBB86AE7}"
	ProjectSection(SolutionItems) = preProject
		SLC_SM_IAS_Add Service Property.xml = SLC_SM_IAS_Add Service Property.xml
	EndProjectSection
EndProject
Project("{2150E333-8FDC-42A3-9474-1A3956D46DE8}") = "Actions", "Actions", "{A568BADE-BB04-4365-918F-97E9C91C140F}"
EndProject
Project("{9A19103F-16F7-4668-BE54-9A1E7A4F7556}") = "SLC_SM_IAS_Add Service Property_1", "SLC_SM_IAS_Add Service Property_1\SLC_SM_IAS_Add Service Property_1.csproj", "{510FF413-F201-4AF7-8E37-1C95F21A5731}"
EndProject
Project("{2150E333-8FDC-42A3-9474-1A3956D46DE8}") = "SLC_SM_Delete Service Property", "SLC_SM_Delete Service Property", "{58F37608-3EFB-4D11-AF4E-B72A895306FF}"
	ProjectSection(SolutionItems) = preProject
		SLC_SM_Delete Service Property.xml = SLC_SM_Delete Service Property.xml
	EndProjectSection
EndProject
Project("{2150E333-8FDC-42A3-9474-1A3956D46DE8}") = "Actions", "Actions", "{7D684C1A-A098-44E0-BFC1-2A3299057E38}"
EndProject
Project("{9A19103F-16F7-4668-BE54-9A1E7A4F7556}") = "SLC_SM_Delete Service Property_1", "SLC_SM_Delete Service Property_1\SLC_SM_Delete Service Property_1.csproj", "{4AADE6A3-B764-44DF-973A-8BD9E05E30E3}"
EndProject
Project("{2150E333-8FDC-42A3-9474-1A3956D46DE8}") = "SLC_SM_Delete Service Configuration", "SLC_SM_Delete Service Configuration", "{48DD1F16-7840-439C-8A12-21810FF94392}"
	ProjectSection(SolutionItems) = preProject
		SLC_SM_Delete Service Configuration.xml = SLC_SM_Delete Service Configuration.xml
	EndProjectSection
EndProject
Project("{2150E333-8FDC-42A3-9474-1A3956D46DE8}") = "Actions", "Actions", "{437AA244-B2C4-464D-9F6F-8AB75DDB3862}"
EndProject
Project("{9A19103F-16F7-4668-BE54-9A1E7A4F7556}") = "SLC_SM_Delete Service Configuration_1", "SLC_SM_Delete Service Configuration_1\SLC_SM_Delete Service Configuration_1.csproj", "{93BB37E7-0BBD-4D66-8524-78024974249F}"
EndProject
Project("{2150E333-8FDC-42A3-9474-1A3956D46DE8}") = "SLC_SM_IAS_Add Service Configuration", "SLC_SM_IAS_Add Service Configuration", "{C7A07236-3BC6-4968-9B8F-9313358D052B}"
	ProjectSection(SolutionItems) = preProject
		SLC_SM_IAS_Add Service Configuration.xml = SLC_SM_IAS_Add Service Configuration.xml
	EndProjectSection
EndProject
Project("{2150E333-8FDC-42A3-9474-1A3956D46DE8}") = "Actions", "Actions", "{FF14D528-7EAC-4A45-A5B0-4867E9EE8C20}"
EndProject
Project("{9A19103F-16F7-4668-BE54-9A1E7A4F7556}") = "SLC_SM_IAS_Add Service Configuration_1", "SLC_SM_IAS_Add Service Configuration_1\SLC_SM_IAS_Add Service Configuration_1.csproj", "{87294D63-E624-450B-95E5-5DFBC7356CBD}"
EndProject
Project("{2150E333-8FDC-42A3-9474-1A3956D46DE8}") = "SLC_SM_IAS_Add Service Order Item", "SLC_SM_IAS_Add Service Order Item", "{08C97D3A-E85E-4512-9086-F1CD55342E18}"
	ProjectSection(SolutionItems) = preProject
		SLC_SM_IAS_Add Service Order Item.xml = SLC_SM_IAS_Add Service Order Item.xml
	EndProjectSection
EndProject
Project("{2150E333-8FDC-42A3-9474-1A3956D46DE8}") = "Actions", "Actions", "{23A5BD5A-2EAB-4920-A4D5-310E244D7F0E}"
EndProject
Project("{9A19103F-16F7-4668-BE54-9A1E7A4F7556}") = "SLC_SM_IAS_Add Service Order Item_1", "SLC_SM_IAS_Add Service Order Item_1\SLC_SM_IAS_Add Service Order Item_1.csproj", "{5549A190-DB26-40B0-B5A9-7BBE46274E39}"
EndProject
Project("{2150E333-8FDC-42A3-9474-1A3956D46DE8}") = "SLC_SM_GQIDS_Get Service Order Items", "SLC_SM_GQIDS_Get Service Order Items", "{0E61F3F9-9354-4C9C-AB65-9DC7F3372457}"
	ProjectSection(SolutionItems) = preProject
		SLC_SM_GQIDS_Get Service Order Items.xml = SLC_SM_GQIDS_Get Service Order Items.xml
	EndProjectSection
EndProject
Project("{2150E333-8FDC-42A3-9474-1A3956D46DE8}") = "Actions", "Actions", "{985B6AEA-2AD4-4C0C-BD54-8CC4B48EBB8E}"
EndProject
Project("{9A19103F-16F7-4668-BE54-9A1E7A4F7556}") = "SLC_SM_GQIDS_Get Service Order Items_1", "SLC_SM_GQIDS_Get Service Order Items_1\SLC_SM_GQIDS_Get Service Order Items_1.csproj", "{C4D022C0-F6F6-4CDF-B414-F62479930387}"
EndProject
Project("{D954291E-2A0B-460D-934E-DC6B0785DB48}") = "SharedProjectIAS", "SharedProjectIAS\SharedProjectIAS.shproj", "{FFC182DA-3627-49B6-A663-E7C5572ED5C4}"
EndProject
Project("{2150E333-8FDC-42A3-9474-1A3956D46DE8}") = "SLC_SM_Delete Service Order Item", "SLC_SM_Delete Service Order Item", "{52842AA3-DE82-42FD-AD90-7926BED75FB9}"
	ProjectSection(SolutionItems) = preProject
		SLC_SM_Delete Service Order Item.xml = SLC_SM_Delete Service Order Item.xml
	EndProjectSection
EndProject
Project("{2150E333-8FDC-42A3-9474-1A3956D46DE8}") = "Actions", "Actions", "{9D54E256-C751-423C-8DB7-3DB93AD817A7}"
EndProject
Project("{9A19103F-16F7-4668-BE54-9A1E7A4F7556}") = "SLC_SM_Delete Service Order Item_1", "SLC_SM_Delete Service Order Item_1\SLC_SM_Delete Service Order Item_1.csproj", "{E21364D1-E98E-4B14-8823-7265EB1B7DD8}"
EndProject
Project("{9A19103F-16F7-4668-BE54-9A1E7A4F7556}") = "SLC_SM_Create Service Inventory Item_1", "SLC_SM_Create Service Inventory Item_1\SLC_SM_Create Service Inventory Item_1.csproj", "{DC73BF8C-767F-43E8-BB75-E28548E161AC}"
EndProject
Project("{2150E333-8FDC-42A3-9474-1A3956D46DE8}") = "SLC_SM_Delete_Service", "SLC_SM_Delete_Service", "{A7A55D0D-4EB2-471C-AC80-A8D7C05BD42F}"
	ProjectSection(SolutionItems) = preProject
		SLC_SM_Delete_Service.xml = SLC_SM_Delete_Service.xml
	EndProjectSection
EndProject
Project("{2150E333-8FDC-42A3-9474-1A3956D46DE8}") = "Actions", "Actions", "{2A765175-EAF3-476A-818B-303335B88B48}"
EndProject
Project("{9A19103F-16F7-4668-BE54-9A1E7A4F7556}") = "SLC_SM_Delete_Service_1", "SLC_SM_Delete_Service_1\SLC_SM_Delete_Service_1.csproj", "{4E2875EF-26D7-4821-99D0-186F2399DBD2}"
EndProject
Project("{2150E333-8FDC-42A3-9474-1A3956D46DE8}") = "SLC_SM_IAS_Add Service Order", "SLC_SM_IAS_Add Service Order", "{8FA2B7A3-416F-4047-B4A9-5054EFB625FB}"
	ProjectSection(SolutionItems) = preProject
		SLC_SM_IAS_Add Service Order.xml = SLC_SM_IAS_Add Service Order.xml
	EndProjectSection
EndProject
Project("{2150E333-8FDC-42A3-9474-1A3956D46DE8}") = "Actions", "Actions", "{E91CFF52-2C46-45B4-AA50-5C23C4217EB1}"
EndProject
Project("{9A19103F-16F7-4668-BE54-9A1E7A4F7556}") = "SLC_SM_IAS_Add Service Order_1", "SLC_SM_IAS_Add Service Order_1\SLC_SM_IAS_Add Service Order_1.csproj", "{0D22EAD5-5F43-470F-897F-5E2445CC2459}"
EndProject
Global
	GlobalSection(SolutionConfigurationPlatforms) = preSolution
		Debug|Any CPU = Debug|Any CPU
		Release|Any CPU = Release|Any CPU
	EndGlobalSection
	GlobalSection(ProjectConfigurationPlatforms) = postSolution
		{1DB93BBC-4534-4A2A-A88A-976DA45F6EF9}.Debug|Any CPU.ActiveCfg = Debug|Any CPU
		{1DB93BBC-4534-4A2A-A88A-976DA45F6EF9}.Debug|Any CPU.Build.0 = Debug|Any CPU
		{1DB93BBC-4534-4A2A-A88A-976DA45F6EF9}.Release|Any CPU.ActiveCfg = Release|Any CPU
		{1DB93BBC-4534-4A2A-A88A-976DA45F6EF9}.Release|Any CPU.Build.0 = Release|Any CPU
		{7C2C0C2B-160E-4076-B4A1-CEC129D9E74E}.Debug|Any CPU.ActiveCfg = Debug|Any CPU
		{7C2C0C2B-160E-4076-B4A1-CEC129D9E74E}.Debug|Any CPU.Build.0 = Debug|Any CPU
		{7C2C0C2B-160E-4076-B4A1-CEC129D9E74E}.Release|Any CPU.ActiveCfg = Release|Any CPU
		{7C2C0C2B-160E-4076-B4A1-CEC129D9E74E}.Release|Any CPU.Build.0 = Release|Any CPU
		{967EFA36-3EF5-4B42-A63E-9E4B50BE8297}.Debug|Any CPU.ActiveCfg = Debug|Any CPU
		{967EFA36-3EF5-4B42-A63E-9E4B50BE8297}.Debug|Any CPU.Build.0 = Debug|Any CPU
		{967EFA36-3EF5-4B42-A63E-9E4B50BE8297}.Release|Any CPU.ActiveCfg = Release|Any CPU
		{967EFA36-3EF5-4B42-A63E-9E4B50BE8297}.Release|Any CPU.Build.0 = Release|Any CPU
		{D97731D9-FEE9-4246-86EC-2C49745905EE}.Debug|Any CPU.ActiveCfg = Debug|Any CPU
		{D97731D9-FEE9-4246-86EC-2C49745905EE}.Debug|Any CPU.Build.0 = Debug|Any CPU
		{D97731D9-FEE9-4246-86EC-2C49745905EE}.Release|Any CPU.ActiveCfg = Release|Any CPU
		{D97731D9-FEE9-4246-86EC-2C49745905EE}.Release|Any CPU.Build.0 = Release|Any CPU
		{43502512-CBF0-49C0-B688-AF223CC707FD}.Debug|Any CPU.ActiveCfg = Debug|Any CPU
		{43502512-CBF0-49C0-B688-AF223CC707FD}.Debug|Any CPU.Build.0 = Debug|Any CPU
		{43502512-CBF0-49C0-B688-AF223CC707FD}.Release|Any CPU.ActiveCfg = Release|Any CPU
		{43502512-CBF0-49C0-B688-AF223CC707FD}.Release|Any CPU.Build.0 = Release|Any CPU
		{4F9C7BCD-9535-46CF-9AC9-55DD862BD44E}.Debug|Any CPU.ActiveCfg = Debug|Any CPU
		{4F9C7BCD-9535-46CF-9AC9-55DD862BD44E}.Debug|Any CPU.Build.0 = Debug|Any CPU
		{4F9C7BCD-9535-46CF-9AC9-55DD862BD44E}.Release|Any CPU.ActiveCfg = Release|Any CPU
		{4F9C7BCD-9535-46CF-9AC9-55DD862BD44E}.Release|Any CPU.Build.0 = Release|Any CPU
		{F76A1B9B-928A-46E0-91AB-061C9CC9898B}.Debug|Any CPU.ActiveCfg = Debug|Any CPU
		{F76A1B9B-928A-46E0-91AB-061C9CC9898B}.Debug|Any CPU.Build.0 = Debug|Any CPU
		{F76A1B9B-928A-46E0-91AB-061C9CC9898B}.Release|Any CPU.ActiveCfg = Release|Any CPU
		{F76A1B9B-928A-46E0-91AB-061C9CC9898B}.Release|Any CPU.Build.0 = Release|Any CPU
		{54F51C6C-044F-4E97-BBB9-CD7DE087B2E5}.Debug|Any CPU.ActiveCfg = Debug|Any CPU
		{54F51C6C-044F-4E97-BBB9-CD7DE087B2E5}.Debug|Any CPU.Build.0 = Debug|Any CPU
		{54F51C6C-044F-4E97-BBB9-CD7DE087B2E5}.Release|Any CPU.ActiveCfg = Release|Any CPU
		{54F51C6C-044F-4E97-BBB9-CD7DE087B2E5}.Release|Any CPU.Build.0 = Release|Any CPU
		{D7BD1FD0-BF5C-47DD-94A9-312423A2FA6D}.Debug|Any CPU.ActiveCfg = Debug|Any CPU
		{D7BD1FD0-BF5C-47DD-94A9-312423A2FA6D}.Debug|Any CPU.Build.0 = Debug|Any CPU
		{D7BD1FD0-BF5C-47DD-94A9-312423A2FA6D}.Release|Any CPU.ActiveCfg = Release|Any CPU
		{D7BD1FD0-BF5C-47DD-94A9-312423A2FA6D}.Release|Any CPU.Build.0 = Release|Any CPU
		{510FF413-F201-4AF7-8E37-1C95F21A5731}.Debug|Any CPU.ActiveCfg = Debug|Any CPU
		{510FF413-F201-4AF7-8E37-1C95F21A5731}.Debug|Any CPU.Build.0 = Debug|Any CPU
		{510FF413-F201-4AF7-8E37-1C95F21A5731}.Release|Any CPU.ActiveCfg = Release|Any CPU
		{510FF413-F201-4AF7-8E37-1C95F21A5731}.Release|Any CPU.Build.0 = Release|Any CPU
		{4AADE6A3-B764-44DF-973A-8BD9E05E30E3}.Debug|Any CPU.ActiveCfg = Debug|Any CPU
		{4AADE6A3-B764-44DF-973A-8BD9E05E30E3}.Debug|Any CPU.Build.0 = Debug|Any CPU
		{4AADE6A3-B764-44DF-973A-8BD9E05E30E3}.Release|Any CPU.ActiveCfg = Release|Any CPU
		{4AADE6A3-B764-44DF-973A-8BD9E05E30E3}.Release|Any CPU.Build.0 = Release|Any CPU
		{93BB37E7-0BBD-4D66-8524-78024974249F}.Debug|Any CPU.ActiveCfg = Debug|Any CPU
		{93BB37E7-0BBD-4D66-8524-78024974249F}.Debug|Any CPU.Build.0 = Debug|Any CPU
		{93BB37E7-0BBD-4D66-8524-78024974249F}.Release|Any CPU.ActiveCfg = Release|Any CPU
		{93BB37E7-0BBD-4D66-8524-78024974249F}.Release|Any CPU.Build.0 = Release|Any CPU
		{87294D63-E624-450B-95E5-5DFBC7356CBD}.Debug|Any CPU.ActiveCfg = Debug|Any CPU
		{87294D63-E624-450B-95E5-5DFBC7356CBD}.Debug|Any CPU.Build.0 = Debug|Any CPU
		{87294D63-E624-450B-95E5-5DFBC7356CBD}.Release|Any CPU.ActiveCfg = Release|Any CPU
		{87294D63-E624-450B-95E5-5DFBC7356CBD}.Release|Any CPU.Build.0 = Release|Any CPU
		{5549A190-DB26-40B0-B5A9-7BBE46274E39}.Debug|Any CPU.ActiveCfg = Debug|Any CPU
		{5549A190-DB26-40B0-B5A9-7BBE46274E39}.Debug|Any CPU.Build.0 = Debug|Any CPU
		{5549A190-DB26-40B0-B5A9-7BBE46274E39}.Release|Any CPU.ActiveCfg = Release|Any CPU
		{5549A190-DB26-40B0-B5A9-7BBE46274E39}.Release|Any CPU.Build.0 = Release|Any CPU
		{C4D022C0-F6F6-4CDF-B414-F62479930387}.Debug|Any CPU.ActiveCfg = Debug|Any CPU
		{C4D022C0-F6F6-4CDF-B414-F62479930387}.Debug|Any CPU.Build.0 = Debug|Any CPU
		{C4D022C0-F6F6-4CDF-B414-F62479930387}.Release|Any CPU.ActiveCfg = Release|Any CPU
		{C4D022C0-F6F6-4CDF-B414-F62479930387}.Release|Any CPU.Build.0 = Release|Any CPU
		{E21364D1-E98E-4B14-8823-7265EB1B7DD8}.Debug|Any CPU.ActiveCfg = Debug|Any CPU
		{E21364D1-E98E-4B14-8823-7265EB1B7DD8}.Debug|Any CPU.Build.0 = Debug|Any CPU
		{E21364D1-E98E-4B14-8823-7265EB1B7DD8}.Release|Any CPU.ActiveCfg = Release|Any CPU
		{E21364D1-E98E-4B14-8823-7265EB1B7DD8}.Release|Any CPU.Build.0 = Release|Any CPU
		{DC73BF8C-767F-43E8-BB75-E28548E161AC}.Debug|Any CPU.ActiveCfg = Debug|Any CPU
		{DC73BF8C-767F-43E8-BB75-E28548E161AC}.Debug|Any CPU.Build.0 = Debug|Any CPU
		{DC73BF8C-767F-43E8-BB75-E28548E161AC}.Release|Any CPU.ActiveCfg = Release|Any CPU
		{DC73BF8C-767F-43E8-BB75-E28548E161AC}.Release|Any CPU.Build.0 = Release|Any CPU
		{4E2875EF-26D7-4821-99D0-186F2399DBD2}.Debug|Any CPU.ActiveCfg = Debug|Any CPU
		{4E2875EF-26D7-4821-99D0-186F2399DBD2}.Debug|Any CPU.Build.0 = Debug|Any CPU
		{4E2875EF-26D7-4821-99D0-186F2399DBD2}.Release|Any CPU.ActiveCfg = Release|Any CPU
		{4E2875EF-26D7-4821-99D0-186F2399DBD2}.Release|Any CPU.Build.0 = Release|Any CPU
		{0D22EAD5-5F43-470F-897F-5E2445CC2459}.Debug|Any CPU.ActiveCfg = Debug|Any CPU
		{0D22EAD5-5F43-470F-897F-5E2445CC2459}.Debug|Any CPU.Build.0 = Debug|Any CPU
		{0D22EAD5-5F43-470F-897F-5E2445CC2459}.Release|Any CPU.ActiveCfg = Release|Any CPU
		{0D22EAD5-5F43-470F-897F-5E2445CC2459}.Release|Any CPU.Build.0 = Release|Any CPU
	EndGlobalSection
	GlobalSection(SolutionProperties) = preSolution
		HideSolutionNode = FALSE
	EndGlobalSection
	GlobalSection(NestedProjects) = preSolution
		{CA5FDB9F-88EC-4369-B165-1C99D925BC6A} = {544A7970-D50E-4591-82FF-864F49BFCC8C}
		{5DFBBF62-D581-4516-B21B-EF10520FFBA3} = {FEF9DDA9-EA91-49A7-A8C6-830BBD226703}
		{90038565-CAC7-4CFD-BFF3-C1DC780E249F} = {CF55EE3C-32AB-4A49-AA15-74C0E0CE1719}
		{E2B8E012-0F99-4CE2-8FC4-865CA5EBFE04} = {7CBCC20E-E255-4C5D-B388-08A8ED9266F4}
		{6E167FCA-C5EA-427B-8CCE-95497B63D3C3} = {E2B8E012-0F99-4CE2-8FC4-865CA5EBFE04}
		{1DB93BBC-4534-4A2A-A88A-976DA45F6EF9} = {6E167FCA-C5EA-427B-8CCE-95497B63D3C3}
		{33626F44-C5B3-40F8-B1D4-C4B0E8300F23} = {7CBCC20E-E255-4C5D-B388-08A8ED9266F4}
		{2B13BCB1-4369-4658-902B-340DA1303422} = {33626F44-C5B3-40F8-B1D4-C4B0E8300F23}
		{7C2C0C2B-160E-4076-B4A1-CEC129D9E74E} = {2B13BCB1-4369-4658-902B-340DA1303422}
		{8946228A-7C4B-4554-BB73-D6049D048BB1} = {BE83E7A7-57A2-4D1E-8B12-D33553E4BB31}
		{0E797233-B6AC-48A2-BEB0-5AA7B68397CB} = {8946228A-7C4B-4554-BB73-D6049D048BB1}
		{967EFA36-3EF5-4B42-A63E-9E4B50BE8297} = {0E797233-B6AC-48A2-BEB0-5AA7B68397CB}
		{617D541C-CAD4-4789-A3D0-7C8D8171F082} = {D1394C3B-B48C-4E36-ADCB-E5234ED51EB8}
		{785AA0DE-6337-4DBA-BB19-87A979DA5742} = {617D541C-CAD4-4789-A3D0-7C8D8171F082}
		{7CBCC20E-E255-4C5D-B388-08A8ED9266F4} = {CF55EE3C-32AB-4A49-AA15-74C0E0CE1719}
		{58D44688-DF14-4EDC-90DB-2B1A6FF4E21D} = {CF55EE3C-32AB-4A49-AA15-74C0E0CE1719}
		{BE83E7A7-57A2-4D1E-8B12-D33553E4BB31} = {58D44688-DF14-4EDC-90DB-2B1A6FF4E21D}
		{D1394C3B-B48C-4E36-ADCB-E5234ED51EB8} = {58D44688-DF14-4EDC-90DB-2B1A6FF4E21D}
		{414C4A14-8CE2-4CF8-9775-4A629744E8D0} = {CF55EE3C-32AB-4A49-AA15-74C0E0CE1719}
		{ECF401B2-B477-4A08-B25C-24EDF20A25E6} = {414C4A14-8CE2-4CF8-9775-4A629744E8D0}
		{D97731D9-FEE9-4246-86EC-2C49745905EE} = {ECF401B2-B477-4A08-B25C-24EDF20A25E6}
		{62D42AD6-A5FB-4DDE-86EB-CF46E78A8A77} = {7CBCC20E-E255-4C5D-B388-08A8ED9266F4}
		{C0FD3127-7718-480F-BB2F-C2A5D623C549} = {62D42AD6-A5FB-4DDE-86EB-CF46E78A8A77}
		{43502512-CBF0-49C0-B688-AF223CC707FD} = {C0FD3127-7718-480F-BB2F-C2A5D623C549}
		{4CD6A204-E4C7-4C4D-97A7-717B2AD78AAF} = {58D44688-DF14-4EDC-90DB-2B1A6FF4E21D}
		{AD9C35EA-85F7-471F-AB1D-5FBB0EC9BD0E} = {CF55EE3C-32AB-4A49-AA15-74C0E0CE1719}
		{080AA1D5-90E4-425B-90DB-673B4EC8F443} = {AD9C35EA-85F7-471F-AB1D-5FBB0EC9BD0E}
		{4F9C7BCD-9535-46CF-9AC9-55DD862BD44E} = {080AA1D5-90E4-425B-90DB-673B4EC8F443}
		{AFA18117-CC70-4993-91F2-BE346CA71018} = {7CBCC20E-E255-4C5D-B388-08A8ED9266F4}
		{0A736113-5343-4EF4-A2C0-512DC1EC4981} = {AFA18117-CC70-4993-91F2-BE346CA71018}
		{F76A1B9B-928A-46E0-91AB-061C9CC9898B} = {0A736113-5343-4EF4-A2C0-512DC1EC4981}
		{A22C3CBC-6331-4200-B80D-2976C36C9487} = {BE83E7A7-57A2-4D1E-8B12-D33553E4BB31}
		{91E39BD1-981D-4B2D-87B2-A1B63CD9C731} = {A22C3CBC-6331-4200-B80D-2976C36C9487}
		{54F51C6C-044F-4E97-BBB9-CD7DE087B2E5} = {91E39BD1-981D-4B2D-87B2-A1B63CD9C731}
		{FFC98C56-67CC-482E-AD19-6D749BCB6B10} = {BE83E7A7-57A2-4D1E-8B12-D33553E4BB31}
		{358A0A6E-43AF-4F21-910D-7AE396555E6B} = {FFC98C56-67CC-482E-AD19-6D749BCB6B10}
		{D7BD1FD0-BF5C-47DD-94A9-312423A2FA6D} = {358A0A6E-43AF-4F21-910D-7AE396555E6B}
		{4901E86D-67AC-46E7-84AF-9200FBB86AE7} = {BE83E7A7-57A2-4D1E-8B12-D33553E4BB31}
		{A568BADE-BB04-4365-918F-97E9C91C140F} = {4901E86D-67AC-46E7-84AF-9200FBB86AE7}
		{510FF413-F201-4AF7-8E37-1C95F21A5731} = {A568BADE-BB04-4365-918F-97E9C91C140F}
		{58F37608-3EFB-4D11-AF4E-B72A895306FF} = {BE83E7A7-57A2-4D1E-8B12-D33553E4BB31}
		{7D684C1A-A098-44E0-BFC1-2A3299057E38} = {58F37608-3EFB-4D11-AF4E-B72A895306FF}
		{4AADE6A3-B764-44DF-973A-8BD9E05E30E3} = {7D684C1A-A098-44E0-BFC1-2A3299057E38}
		{48DD1F16-7840-439C-8A12-21810FF94392} = {BE83E7A7-57A2-4D1E-8B12-D33553E4BB31}
		{437AA244-B2C4-464D-9F6F-8AB75DDB3862} = {48DD1F16-7840-439C-8A12-21810FF94392}
		{93BB37E7-0BBD-4D66-8524-78024974249F} = {437AA244-B2C4-464D-9F6F-8AB75DDB3862}
		{C7A07236-3BC6-4968-9B8F-9313358D052B} = {BE83E7A7-57A2-4D1E-8B12-D33553E4BB31}
		{FF14D528-7EAC-4A45-A5B0-4867E9EE8C20} = {C7A07236-3BC6-4968-9B8F-9313358D052B}
		{87294D63-E624-450B-95E5-5DFBC7356CBD} = {FF14D528-7EAC-4A45-A5B0-4867E9EE8C20}
		{08C97D3A-E85E-4512-9086-F1CD55342E18} = {BE83E7A7-57A2-4D1E-8B12-D33553E4BB31}
		{23A5BD5A-2EAB-4920-A4D5-310E244D7F0E} = {08C97D3A-E85E-4512-9086-F1CD55342E18}
		{5549A190-DB26-40B0-B5A9-7BBE46274E39} = {23A5BD5A-2EAB-4920-A4D5-310E244D7F0E}
		{0E61F3F9-9354-4C9C-AB65-9DC7F3372457} = {7CBCC20E-E255-4C5D-B388-08A8ED9266F4}
		{985B6AEA-2AD4-4C0C-BD54-8CC4B48EBB8E} = {0E61F3F9-9354-4C9C-AB65-9DC7F3372457}
		{C4D022C0-F6F6-4CDF-B414-F62479930387} = {985B6AEA-2AD4-4C0C-BD54-8CC4B48EBB8E}
		{FFC182DA-3627-49B6-A663-E7C5572ED5C4} = {CF55EE3C-32AB-4A49-AA15-74C0E0CE1719}
		{52842AA3-DE82-42FD-AD90-7926BED75FB9} = {BE83E7A7-57A2-4D1E-8B12-D33553E4BB31}
		{9D54E256-C751-423C-8DB7-3DB93AD817A7} = {52842AA3-DE82-42FD-AD90-7926BED75FB9}
		{E21364D1-E98E-4B14-8823-7265EB1B7DD8} = {9D54E256-C751-423C-8DB7-3DB93AD817A7}
		{DC73BF8C-767F-43E8-BB75-E28548E161AC} = {785AA0DE-6337-4DBA-BB19-87A979DA5742}
		{A7A55D0D-4EB2-471C-AC80-A8D7C05BD42F} = {D1394C3B-B48C-4E36-ADCB-E5234ED51EB8}
		{2A765175-EAF3-476A-818B-303335B88B48} = {A7A55D0D-4EB2-471C-AC80-A8D7C05BD42F}
		{4E2875EF-26D7-4821-99D0-186F2399DBD2} = {2A765175-EAF3-476A-818B-303335B88B48}
		{8FA2B7A3-416F-4047-B4A9-5054EFB625FB} = {BE83E7A7-57A2-4D1E-8B12-D33553E4BB31}
		{E91CFF52-2C46-45B4-AA50-5C23C4217EB1} = {8FA2B7A3-416F-4047-B4A9-5054EFB625FB}
		{0D22EAD5-5F43-470F-897F-5E2445CC2459} = {E91CFF52-2C46-45B4-AA50-5C23C4217EB1}
	EndGlobalSection
	GlobalSection(ExtensibilityGlobals) = postSolution
		SolutionGuid = {A2D9BAD4-B595-4651-B30C-550998B67040}
	EndGlobalSection
	GlobalSection(SharedMSBuildProjectFiles) = preSolution
		SharedProjectIAS\SharedProjectIAS.projitems*{0d22ead5-5f43-470f-897f-5e2445cc2459}*SharedItemsImports = 5
		SharedProject\SharedProject.projitems*{1db93bbc-4534-4a2a-a88a-976da45f6ef9}*SharedItemsImports = 5
		SharedProject\SharedProject.projitems*{43502512-cbf0-49c0-b688-af223cc707fd}*SharedItemsImports = 5
		SharedProjectIAS\SharedProjectIAS.projitems*{4aade6a3-b764-44df-973a-8bd9e05e30e3}*SharedItemsImports = 5
		SharedProjectIAS\SharedProjectIAS.projitems*{4e2875ef-26d7-4821-99d0-186f2399dbd2}*SharedItemsImports = 5
		SharedProject\SharedProject.projitems*{4f9c7bcd-9535-46cf-9ac9-55dd862bd44e}*SharedItemsImports = 5
		SharedProjectIAS\SharedProjectIAS.projitems*{510ff413-f201-4af7-8e37-1c95f21a5731}*SharedItemsImports = 5
		SharedProjectIAS\SharedProjectIAS.projitems*{54f51c6c-044f-4e97-bbb9-cd7de087b2e5}*SharedItemsImports = 5
		SharedProjectIAS\SharedProjectIAS.projitems*{5549a190-db26-40b0-b5a9-7bbe46274e39}*SharedItemsImports = 5
		SharedProject\SharedProject.projitems*{7c2c0c2b-160e-4076-b4a1-cec129d9e74e}*SharedItemsImports = 5
		SharedProjectIAS\SharedProjectIAS.projitems*{87294d63-e624-450b-95e5-5dfbc7356cbd}*SharedItemsImports = 5
		SharedProject\SharedProject.projitems*{90038565-cac7-4cfd-bff3-c1dc780e249f}*SharedItemsImports = 13
		SharedProjectIAS\SharedProjectIAS.projitems*{93bb37e7-0bbd-4d66-8524-78024974249f}*SharedItemsImports = 5
		SharedProject\SharedProject.projitems*{967efa36-3ef5-4b42-a63e-9e4b50be8297}*SharedItemsImports = 5
		SharedProject\SharedProject.projitems*{c4d022c0-f6f6-4cdf-b414-f62479930387}*SharedItemsImports = 5
		SharedProjectIAS\SharedProjectIAS.projitems*{d7bd1fd0-bf5c-47dd-94a9-312423a2fa6d}*SharedItemsImports = 5
		SharedProjectIAS\SharedProjectIAS.projitems*{dc73bf8c-767f-43e8-bb75-e28548e161ac}*SharedItemsImports = 5
		SharedProjectIAS\SharedProjectIAS.projitems*{e21364d1-e98e-4b14-8823-7265eb1b7dd8}*SharedItemsImports = 5
		SharedProject\SharedProject.projitems*{f76a1b9b-928a-46e0-91ab-061c9cc9898b}*SharedItemsImports = 5
		SharedProjectIAS\SharedProjectIAS.projitems*{ffc182da-3627-49b6-a663-e7c5572ed5c4}*SharedItemsImports = 13
	EndGlobalSection
EndGlobal
